{
  "object": {
    "pins": [
      {
        "package": "ElegantCalendar",
        "repositoryURL": "https://github.com/ThasianX/ElegantCalendar.git",
        "state": {
          "branch": null,
          "revision": "a14d1f2e6f9cf2a23d3f0f8c450c1f0990e43148",
          "version": "4.1.0"
        }
      },
      {
        "package": "ElegantPages",
        "repositoryURL": "https://github.com/ThasianX/ElegantPages",
        "state": {
          "branch": null,
          "revision": "7eb457484e04375d7e6a3ca442a98cbe75ead7b0",
          "version": "1.4.0"
        }
      },
      {
        "package": "Lottie",
        "repositoryURL": "https://github.com/airbnb/lottie-ios.git",
        "state": {
          "branch": null,
          "revision": "4e5877425dae5c10792fc9d22d53dc6bf6824dc1",
          "version": "3.1.8"
        }
      }
    ]
  },
  "version": 1
}
