// !$*UTF8*$!
{
	archiveVersion = 1;
	classes = {
	};
	objectVersion = 52;
	objects = {

/* Begin PBXBuildFile section */
		17091760247233120011BB8C /* SubGoalsList.swift in Sources */ = {isa = PBXBuildFile; fileRef = 1709175F247233120011BB8C /* SubGoalsList.swift */; };
		17091764247235180011BB8C /* SelectCategoryView.swift in Sources */ = {isa = PBXBuildFile; fileRef = 17091763247235180011BB8C /* SelectCategoryView.swift */; };
		17091768247244800011BB8C /* AddSubGoalView.swift in Sources */ = {isa = PBXBuildFile; fileRef = 17091767247244800011BB8C /* AddSubGoalView.swift */; };
		171400AD2470EB0D0001A625 /* TextFieldWithPickerAsInputView.swift in Sources */ = {isa = PBXBuildFile; fileRef = 171400AC2470EB0D0001A625 /* TextFieldWithPickerAsInputView.swift */; };
		171E6C3C246FA90B003EFF36 /* TabBar.swift in Sources */ = {isa = PBXBuildFile; fileRef = 171E6C3B246FA90B003EFF36 /* TabBar.swift */; };
		17265AAE249EEE2A00E384ED /* CalcService.swift in Sources */ = {isa = PBXBuildFile; fileRef = 17265AAD249EEE2A00E384ED /* CalcService.swift */; };
		1729898B246CFCF300449C4F /* FirestoreErrorHandler.swift in Sources */ = {isa = PBXBuildFile; fileRef = 1729898A246CFCF300449C4F /* FirestoreErrorHandler.swift */; };
		1729898D246D0F2F00449C4F /* AuthService.swift in Sources */ = {isa = PBXBuildFile; fileRef = 1729898C246D0F2F00449C4F /* AuthService.swift */; };
		1729898F246D13C200449C4F /* AuthError.swift in Sources */ = {isa = PBXBuildFile; fileRef = 1729898E246D13C200449C4F /* AuthError.swift */; };
		174DAC812493D92F008CE35D /* AddTaskView.swift in Sources */ = {isa = PBXBuildFile; fileRef = 174DAC802493D92F008CE35D /* AddTaskView.swift */; };
		174DAC832493DD5C008CE35D /* LinkedGoalsView.swift in Sources */ = {isa = PBXBuildFile; fileRef = 174DAC822493DD5C008CE35D /* LinkedGoalsView.swift */; };
		1758A35224CCF8820065CFA8 /* ElegantCalendar in Frameworks */ = {isa = PBXBuildFile; productRef = 1758A35124CCF8820065CFA8 /* ElegantCalendar */; };
		1758A35724CD6EA00065CFA8 /* GTorCalendarView.swift in Sources */ = {isa = PBXBuildFile; fileRef = 1758A35624CD6EA00065CFA8 /* GTorCalendarView.swift */; };
		1758A3A024CD73C30065CFA8 /* Date+DaysFromToday.swift in Sources */ = {isa = PBXBuildFile; fileRef = 1758A38024CD73C30065CFA8 /* Date+DaysFromToday.swift */; };
		1758A3A924CD744C0065CFA8 /* Date+FullDate.swift in Sources */ = {isa = PBXBuildFile; fileRef = 1758A3A824CD744C0065CFA8 /* Date+FullDate.swift */; };
		1758A3AD24CD759F0065CFA8 /* ElegantCalendar.xcassets in Resources */ = {isa = PBXBuildFile; fileRef = 1758A3AC24CD759F0065CFA8 /* ElegantCalendar.xcassets */; };
		1762732C24748759000E9661 /* SubGoalView.swift in Sources */ = {isa = PBXBuildFile; fileRef = 1762732B24748759000E9661 /* SubGoalView.swift */; };
		1762732E24748D39000E9661 /* GoalHeaderView.swift in Sources */ = {isa = PBXBuildFile; fileRef = 1762732D24748D39000E9661 /* GoalHeaderView.swift */; };
		176FE77E2474E02400B7FE82 /* Lottie in Frameworks */ = {isa = PBXBuildFile; productRef = 176FE77D2474E02400B7FE82 /* Lottie */; };
		176FE7842474E1A800B7FE82 /* LottieView.swift in Sources */ = {isa = PBXBuildFile; fileRef = 176FE7832474E1A800B7FE82 /* LottieView.swift */; };
		176FE7862474E21100B7FE82 /* LoadingView.swift in Sources */ = {isa = PBXBuildFile; fileRef = 176FE7852474E21100B7FE82 /* LoadingView.swift */; };
		176FE78C2474EBAA00B7FE82 /* loading.json in Resources */ = {isa = PBXBuildFile; fileRef = 176FE78B2474EBAA00B7FE82 /* loading.json */; };
		177A215724B107F90031A665 /* CategoryEditorView.swift in Sources */ = {isa = PBXBuildFile; fileRef = 177A215624B107F90031A665 /* CategoryEditorView.swift */; };
		177F4FFB24CCDD69005CDD75 /* TextEditorView.swift in Sources */ = {isa = PBXBuildFile; fileRef = 177F4FFA24CCDD69005CDD75 /* TextEditorView.swift */; };
		1785804624A7DC24009343DB /* GoogleService-Info.plist in Resources */ = {isa = PBXBuildFile; fileRef = 1785804424A7DA05009343DB /* GoogleService-Info.plist */; };
		178601CE24CC9CBC00FFEE0E /* NewGoalView.swift in Sources */ = {isa = PBXBuildFile; fileRef = 178601CD24CC9CBC00FFEE0E /* NewGoalView.swift */; };
		179E77012476604000BB77F8 /* TODOList.swift in Sources */ = {isa = PBXBuildFile; fileRef = 179E77002476604000BB77F8 /* TODOList.swift */; };
		17A26C04249C1145004776EA /* GoalView.swift in Sources */ = {isa = PBXBuildFile; fileRef = 17A26C03249C1145004776EA /* GoalView.swift */; };
		17A26C06249C1DE9004776EA /* GoalCardView2.swift in Sources */ = {isa = PBXBuildFile; fileRef = 17A26C05249C1DE9004776EA /* GoalCardView2.swift */; };
		17A26C08249C3A16004776EA /* TaskCardView.swift in Sources */ = {isa = PBXBuildFile; fileRef = 17A26C07249C3A16004776EA /* TaskCardView.swift */; };
		17A26C0A249C4C25004776EA /* QuickSatisfactionView.swift in Sources */ = {isa = PBXBuildFile; fileRef = 17A26C09249C4C25004776EA /* QuickSatisfactionView.swift */; };
		17A61A6124707F12008B8C31 /* AddGoalView.swift in Sources */ = {isa = PBXBuildFile; fileRef = 17A61A6024707F12008B8C31 /* AddGoalView.swift */; };
		17C60F542492633700A3DEFF /* TaskView.swift in Sources */ = {isa = PBXBuildFile; fileRef = 17C60F532492633700A3DEFF /* TaskView.swift */; };
		17D44200247337C700DF91EC /* ModifiersViews.swift in Sources */ = {isa = PBXBuildFile; fileRef = 17D441FF247337C700DF91EC /* ModifiersViews.swift */; };
		17E7E7A7246C921400596500 /* AppDelegate.swift in Sources */ = {isa = PBXBuildFile; fileRef = 17E7E7A6246C921400596500 /* AppDelegate.swift */; };
		17E7E7A9246C921400596500 /* SceneDelegate.swift in Sources */ = {isa = PBXBuildFile; fileRef = 17E7E7A8246C921400596500 /* SceneDelegate.swift */; };
		17E7E7AB246C921400596500 /* LoginView.swift in Sources */ = {isa = PBXBuildFile; fileRef = 17E7E7AA246C921400596500 /* LoginView.swift */; };
		17E7E7AD246C921800596500 /* Assets.xcassets in Resources */ = {isa = PBXBuildFile; fileRef = 17E7E7AC246C921800596500 /* Assets.xcassets */; };
		17E7E7B0246C921800596500 /* Preview Assets.xcassets in Resources */ = {isa = PBXBuildFile; fileRef = 17E7E7AF246C921800596500 /* Preview Assets.xcassets */; };
		17E7E7B3246C921800596500 /* LaunchScreen.storyboard in Resources */ = {isa = PBXBuildFile; fileRef = 17E7E7B1246C921800596500 /* LaunchScreen.storyboard */; };
		17E7E7C4246CA6EB00596500 /* User.swift in Sources */ = {isa = PBXBuildFile; fileRef = 17E7E7C3246CA6EB00596500 /* User.swift */; };
		17E7E7C6246CA6F400596500 /* Goal.swift in Sources */ = {isa = PBXBuildFile; fileRef = 17E7E7C5246CA6F400596500 /* Goal.swift */; };
		17E7E7C8246CA6FE00596500 /* Task.swift in Sources */ = {isa = PBXBuildFile; fileRef = 17E7E7C7246CA6FE00596500 /* Task.swift */; };
		17E7E7CA246CA70E00596500 /* Category.swift in Sources */ = {isa = PBXBuildFile; fileRef = 17E7E7C9246CA70E00596500 /* Category.swift */; };
		17E7E7CC246CAAE800596500 /* SignUpView.swift in Sources */ = {isa = PBXBuildFile; fileRef = 17E7E7CB246CAAE800596500 /* SignUpView.swift */; };
		17E7E7D0246CAB0600596500 /* LaunchView.swift in Sources */ = {isa = PBXBuildFile; fileRef = 17E7E7CF246CAB0600596500 /* LaunchView.swift */; };
		17E7E7D5246CAB5100596500 /* GoalsList.swift in Sources */ = {isa = PBXBuildFile; fileRef = 17E7E7D4246CAB5100596500 /* GoalsList.swift */; };
		17E7E7D7246CAB5A00596500 /* HomeView.swift in Sources */ = {isa = PBXBuildFile; fileRef = 17E7E7D6246CAB5A00596500 /* HomeView.swift */; };
		17E7E7DD246CABFE00596500 /* SettingsView.swift in Sources */ = {isa = PBXBuildFile; fileRef = 17E7E7DC246CABFE00596500 /* SettingsView.swift */; };
		17E7E7E0246CE3B300596500 /* UserService.swift in Sources */ = {isa = PBXBuildFile; fileRef = 17E7E7DF246CE3B300596500 /* UserService.swift */; };
		17E7E7E2246CE3C700596500 /* GoalService.swift in Sources */ = {isa = PBXBuildFile; fileRef = 17E7E7E1246CE3C700596500 /* GoalService.swift */; };
		17E7E7E4246CE3D600596500 /* TaskService.swift in Sources */ = {isa = PBXBuildFile; fileRef = 17E7E7E3246CE3D600596500 /* TaskService.swift */; };
		17E7E7E6246CE3E400596500 /* CategoryService.swift in Sources */ = {isa = PBXBuildFile; fileRef = 17E7E7E5246CE3E400596500 /* CategoryService.swift */; };
		17E7E7E8246CE47900596500 /* FirestoreService.swift in Sources */ = {isa = PBXBuildFile; fileRef = 17E7E7E7246CE47900596500 /* FirestoreService.swift */; };
		17F9F53A24CCE70C004EC43B /* NewAddGoalView.swift in Sources */ = {isa = PBXBuildFile; fileRef = 17F9F53924CCE70C004EC43B /* NewAddGoalView.swift */; };
		5BF3CD28DF6450DA1901838B /* Pods_GTor.framework in Frameworks */ = {isa = PBXBuildFile; fileRef = D1FCFD1B7B551547737EE0AB /* Pods_GTor.framework */; };
/* End PBXBuildFile section */

/* Begin PBXFileReference section */
		0683D7F05833D06D81C6DD1B /* Pods-GTor.release.xcconfig */ = {isa = PBXFileReference; includeInIndex = 1; lastKnownFileType = text.xcconfig; name = "Pods-GTor.release.xcconfig"; path = "Target Support Files/Pods-GTor/Pods-GTor.release.xcconfig"; sourceTree = "<group>"; };
		116A19C2249FA9F0A4483872 /* Pods-GTor.debug.xcconfig */ = {isa = PBXFileReference; includeInIndex = 1; lastKnownFileType = text.xcconfig; name = "Pods-GTor.debug.xcconfig"; path = "Target Support Files/Pods-GTor/Pods-GTor.debug.xcconfig"; sourceTree = "<group>"; };
		1709175F247233120011BB8C /* SubGoalsList.swift */ = {isa = PBXFileReference; lastKnownFileType = sourcecode.swift; path = SubGoalsList.swift; sourceTree = "<group>"; };
		17091763247235180011BB8C /* SelectCategoryView.swift */ = {isa = PBXFileReference; lastKnownFileType = sourcecode.swift; path = SelectCategoryView.swift; sourceTree = "<group>"; };
		17091767247244800011BB8C /* AddSubGoalView.swift */ = {isa = PBXFileReference; lastKnownFileType = sourcecode.swift; path = "\U0010AddSubGoalView.swift"; sourceTree = "<group>"; };
		171400AC2470EB0D0001A625 /* TextFieldWithPickerAsInputView.swift */ = {isa = PBXFileReference; lastKnownFileType = sourcecode.swift; path = TextFieldWithPickerAsInputView.swift; sourceTree = "<group>"; };
		171E6C3B246FA90B003EFF36 /* TabBar.swift */ = {isa = PBXFileReference; lastKnownFileType = sourcecode.swift; path = TabBar.swift; sourceTree = "<group>"; };
		17265AAD249EEE2A00E384ED /* CalcService.swift */ = {isa = PBXFileReference; lastKnownFileType = sourcecode.swift; path = CalcService.swift; sourceTree = "<group>"; };
		1729898A246CFCF300449C4F /* FirestoreErrorHandler.swift */ = {isa = PBXFileReference; lastKnownFileType = sourcecode.swift; path = FirestoreErrorHandler.swift; sourceTree = "<group>"; };
		1729898C246D0F2F00449C4F /* AuthService.swift */ = {isa = PBXFileReference; lastKnownFileType = sourcecode.swift; path = AuthService.swift; sourceTree = "<group>"; };
		1729898E246D13C200449C4F /* AuthError.swift */ = {isa = PBXFileReference; lastKnownFileType = sourcecode.swift; path = AuthError.swift; sourceTree = "<group>"; };
		174DAC802493D92F008CE35D /* AddTaskView.swift */ = {isa = PBXFileReference; lastKnownFileType = sourcecode.swift; path = AddTaskView.swift; sourceTree = "<group>"; };
		174DAC822493DD5C008CE35D /* LinkedGoalsView.swift */ = {isa = PBXFileReference; lastKnownFileType = sourcecode.swift; path = LinkedGoalsView.swift; sourceTree = "<group>"; };
		1758A35624CD6EA00065CFA8 /* GTorCalendarView.swift */ = {isa = PBXFileReference; fileEncoding = 4; lastKnownFileType = sourcecode.swift; path = GTorCalendarView.swift; sourceTree = "<group>"; };
		1758A38024CD73C30065CFA8 /* Date+DaysFromToday.swift */ = {isa = PBXFileReference; fileEncoding = 4; lastKnownFileType = sourcecode.swift; path = "Date+DaysFromToday.swift"; sourceTree = "<group>"; };
		1758A3A824CD744C0065CFA8 /* Date+FullDate.swift */ = {isa = PBXFileReference; fileEncoding = 4; lastKnownFileType = sourcecode.swift; path = "Date+FullDate.swift"; sourceTree = "<group>"; };
		1758A3AC24CD759F0065CFA8 /* ElegantCalendar.xcassets */ = {isa = PBXFileReference; lastKnownFileType = folder.assetcatalog; name = ElegantCalendar.xcassets; path = "../../../../Library/Developer/Xcode/DerivedData/GTor-gswenturrmbgpbgdlvrwtuaujfmj/SourcePackages/checkouts/ElegantCalendar/ElegantCalendar.xcassets"; sourceTree = "<group>"; };
		1762732B24748759000E9661 /* SubGoalView.swift */ = {isa = PBXFileReference; lastKnownFileType = sourcecode.swift; path = SubGoalView.swift; sourceTree = "<group>"; };
		1762732D24748D39000E9661 /* GoalHeaderView.swift */ = {isa = PBXFileReference; lastKnownFileType = sourcecode.swift; path = GoalHeaderView.swift; sourceTree = "<group>"; };
		176FE7832474E1A800B7FE82 /* LottieView.swift */ = {isa = PBXFileReference; lastKnownFileType = sourcecode.swift; path = LottieView.swift; sourceTree = "<group>"; };
		176FE7852474E21100B7FE82 /* LoadingView.swift */ = {isa = PBXFileReference; lastKnownFileType = sourcecode.swift; path = LoadingView.swift; sourceTree = "<group>"; };
		176FE78B2474EBAA00B7FE82 /* loading.json */ = {isa = PBXFileReference; fileEncoding = 4; lastKnownFileType = text.json; path = loading.json; sourceTree = "<group>"; };
		177A215624B107F90031A665 /* CategoryEditorView.swift */ = {isa = PBXFileReference; lastKnownFileType = sourcecode.swift; path = CategoryEditorView.swift; sourceTree = "<group>"; };
		177F4FFA24CCDD69005CDD75 /* TextEditorView.swift */ = {isa = PBXFileReference; lastKnownFileType = sourcecode.swift; path = TextEditorView.swift; sourceTree = "<group>"; };
		1785804424A7DA05009343DB /* GoogleService-Info.plist */ = {isa = PBXFileReference; fileEncoding = 4; lastKnownFileType = text.plist.xml; path = "GoogleService-Info.plist"; sourceTree = "<group>"; };
		178601CD24CC9CBC00FFEE0E /* NewGoalView.swift */ = {isa = PBXFileReference; lastKnownFileType = sourcecode.swift; path = NewGoalView.swift; sourceTree = "<group>"; };
		179E77002476604000BB77F8 /* TODOList.swift */ = {isa = PBXFileReference; lastKnownFileType = sourcecode.swift; path = TODOList.swift; sourceTree = "<group>"; };
		17A26C03249C1145004776EA /* GoalView.swift */ = {isa = PBXFileReference; lastKnownFileType = sourcecode.swift; path = GoalView.swift; sourceTree = "<group>"; };
		17A26C05249C1DE9004776EA /* GoalCardView2.swift */ = {isa = PBXFileReference; lastKnownFileType = sourcecode.swift; path = GoalCardView2.swift; sourceTree = "<group>"; };
		17A26C07249C3A16004776EA /* TaskCardView.swift */ = {isa = PBXFileReference; lastKnownFileType = sourcecode.swift; path = TaskCardView.swift; sourceTree = "<group>"; };
		17A26C09249C4C25004776EA /* QuickSatisfactionView.swift */ = {isa = PBXFileReference; lastKnownFileType = sourcecode.swift; path = QuickSatisfactionView.swift; sourceTree = "<group>"; };
		17A61A6024707F12008B8C31 /* AddGoalView.swift */ = {isa = PBXFileReference; lastKnownFileType = sourcecode.swift; path = AddGoalView.swift; sourceTree = "<group>"; };
		17C60F532492633700A3DEFF /* TaskView.swift */ = {isa = PBXFileReference; lastKnownFileType = sourcecode.swift; path = TaskView.swift; sourceTree = "<group>"; };
		17D441FF247337C700DF91EC /* ModifiersViews.swift */ = {isa = PBXFileReference; lastKnownFileType = sourcecode.swift; path = ModifiersViews.swift; sourceTree = "<group>"; };
		17E7E7A3246C921400596500 /* GTor.app */ = {isa = PBXFileReference; explicitFileType = wrapper.application; includeInIndex = 0; path = GTor.app; sourceTree = BUILT_PRODUCTS_DIR; };
		17E7E7A6246C921400596500 /* AppDelegate.swift */ = {isa = PBXFileReference; lastKnownFileType = sourcecode.swift; path = AppDelegate.swift; sourceTree = "<group>"; };
		17E7E7A8246C921400596500 /* SceneDelegate.swift */ = {isa = PBXFileReference; lastKnownFileType = sourcecode.swift; path = SceneDelegate.swift; sourceTree = "<group>"; };
		17E7E7AA246C921400596500 /* LoginView.swift */ = {isa = PBXFileReference; lastKnownFileType = sourcecode.swift; path = LoginView.swift; sourceTree = "<group>"; };
		17E7E7AC246C921800596500 /* Assets.xcassets */ = {isa = PBXFileReference; lastKnownFileType = folder.assetcatalog; path = Assets.xcassets; sourceTree = "<group>"; };
		17E7E7AF246C921800596500 /* Preview Assets.xcassets */ = {isa = PBXFileReference; lastKnownFileType = folder.assetcatalog; path = "Preview Assets.xcassets"; sourceTree = "<group>"; };
		17E7E7B2246C921800596500 /* Base */ = {isa = PBXFileReference; lastKnownFileType = file.storyboard; name = Base; path = Base.lproj/LaunchScreen.storyboard; sourceTree = "<group>"; };
		17E7E7B4246C921800596500 /* Info.plist */ = {isa = PBXFileReference; lastKnownFileType = text.plist.xml; path = Info.plist; sourceTree = "<group>"; };
		17E7E7C3246CA6EB00596500 /* User.swift */ = {isa = PBXFileReference; lastKnownFileType = sourcecode.swift; path = User.swift; sourceTree = "<group>"; };
		17E7E7C5246CA6F400596500 /* Goal.swift */ = {isa = PBXFileReference; lastKnownFileType = sourcecode.swift; path = Goal.swift; sourceTree = "<group>"; };
		17E7E7C7246CA6FE00596500 /* Task.swift */ = {isa = PBXFileReference; lastKnownFileType = sourcecode.swift; path = Task.swift; sourceTree = "<group>"; };
		17E7E7C9246CA70E00596500 /* Category.swift */ = {isa = PBXFileReference; lastKnownFileType = sourcecode.swift; path = Category.swift; sourceTree = "<group>"; };
		17E7E7CB246CAAE800596500 /* SignUpView.swift */ = {isa = PBXFileReference; lastKnownFileType = sourcecode.swift; path = SignUpView.swift; sourceTree = "<group>"; };
		17E7E7CF246CAB0600596500 /* LaunchView.swift */ = {isa = PBXFileReference; lastKnownFileType = sourcecode.swift; path = LaunchView.swift; sourceTree = "<group>"; };
		17E7E7D4246CAB5100596500 /* GoalsList.swift */ = {isa = PBXFileReference; lastKnownFileType = sourcecode.swift; path = GoalsList.swift; sourceTree = "<group>"; };
		17E7E7D6246CAB5A00596500 /* HomeView.swift */ = {isa = PBXFileReference; lastKnownFileType = sourcecode.swift; path = HomeView.swift; sourceTree = "<group>"; };
		17E7E7DC246CABFE00596500 /* SettingsView.swift */ = {isa = PBXFileReference; lastKnownFileType = sourcecode.swift; path = SettingsView.swift; sourceTree = "<group>"; };
		17E7E7DF246CE3B300596500 /* UserService.swift */ = {isa = PBXFileReference; lastKnownFileType = sourcecode.swift; path = UserService.swift; sourceTree = "<group>"; };
		17E7E7E1246CE3C700596500 /* GoalService.swift */ = {isa = PBXFileReference; lastKnownFileType = sourcecode.swift; path = GoalService.swift; sourceTree = "<group>"; };
		17E7E7E3246CE3D600596500 /* TaskService.swift */ = {isa = PBXFileReference; lastKnownFileType = sourcecode.swift; path = TaskService.swift; sourceTree = "<group>"; };
		17E7E7E5246CE3E400596500 /* CategoryService.swift */ = {isa = PBXFileReference; lastKnownFileType = sourcecode.swift; path = CategoryService.swift; sourceTree = "<group>"; };
		17E7E7E7246CE47900596500 /* FirestoreService.swift */ = {isa = PBXFileReference; lastKnownFileType = sourcecode.swift; path = FirestoreService.swift; sourceTree = "<group>"; };
		17F9F53924CCE70C004EC43B /* NewAddGoalView.swift */ = {isa = PBXFileReference; lastKnownFileType = sourcecode.swift; path = NewAddGoalView.swift; sourceTree = "<group>"; };
		D1FCFD1B7B551547737EE0AB /* Pods_GTor.framework */ = {isa = PBXFileReference; explicitFileType = wrapper.framework; includeInIndex = 0; path = Pods_GTor.framework; sourceTree = BUILT_PRODUCTS_DIR; };
/* End PBXFileReference section */

/* Begin PBXFrameworksBuildPhase section */
		17E7E7A0246C921400596500 /* Frameworks */ = {
			isa = PBXFrameworksBuildPhase;
			buildActionMask = 2147483647;
			files = (
				1758A35224CCF8820065CFA8 /* ElegantCalendar in Frameworks */,
				5BF3CD28DF6450DA1901838B /* Pods_GTor.framework in Frameworks */,
				176FE77E2474E02400B7FE82 /* Lottie in Frameworks */,
			);
			runOnlyForDeploymentPostprocessing = 0;
		};
/* End PBXFrameworksBuildPhase section */

/* Begin PBXGroup section */
		171400AB2470EAE10001A625 /* Helper Views */ = {
			isa = PBXGroup;
			children = (
				171400AC2470EB0D0001A625 /* TextFieldWithPickerAsInputView.swift */,
				17091763247235180011BB8C /* SelectCategoryView.swift */,
				17D441FF247337C700DF91EC /* ModifiersViews.swift */,
				1762732D24748D39000E9661 /* GoalHeaderView.swift */,
				176FE7832474E1A800B7FE82 /* LottieView.swift */,
				176FE7852474E21100B7FE82 /* LoadingView.swift */,
				17A26C05249C1DE9004776EA /* GoalCardView2.swift */,
				17A26C07249C3A16004776EA /* TaskCardView.swift */,
				17A26C09249C4C25004776EA /* QuickSatisfactionView.swift */,
			);
			path = "Helper Views";
			sourceTree = "<group>";
		};
		1758A35524CD6E7D0065CFA8 /* Calendar Views */ = {
			isa = PBXGroup;
			children = (
				1758A38024CD73C30065CFA8 /* Date+DaysFromToday.swift */,
				1758A3A824CD744C0065CFA8 /* Date+FullDate.swift */,
				1758A35624CD6EA00065CFA8 /* GTorCalendarView.swift */,
			);
			path = "Calendar Views";
			sourceTree = "<group>";
		};
		176FE77F2474E07300B7FE82 /* Animations */ = {
			isa = PBXGroup;
			children = (
				176FE78B2474EBAA00B7FE82 /* loading.json */,
			);
			path = Animations;
			sourceTree = "<group>";
		};
		176FE7802474E0CD00B7FE82 /* Other */ = {
			isa = PBXGroup;
			children = (
				17E7E7AC246C921800596500 /* Assets.xcassets */,
				17E7E7B1246C921800596500 /* LaunchScreen.storyboard */,
			);
			path = Other;
			sourceTree = "<group>";
		};
		178601CA24CC44BD00FFEE0E /* Old Views */ = {
			isa = PBXGroup;
			children = (
				17091767247244800011BB8C /* AddSubGoalView.swift */,
				17A61A6024707F12008B8C31 /* AddGoalView.swift */,
				1762732B24748759000E9661 /* SubGoalView.swift */,
			);
			path = "Old Views";
			sourceTree = "<group>";
		};
		17CC64F824A6B85900B81438 /* Unused Views and files */ = {
			isa = PBXGroup;
			children = (
				17A26C03249C1145004776EA /* GoalView.swift */,
			);
			path = "Unused Views and files";
			sourceTree = "<group>";
		};
		17E7E79A246C921300596500 = {
			isa = PBXGroup;
			children = (
				1758A3AC24CD759F0065CFA8 /* ElegantCalendar.xcassets */,
				17E7E7A5246C921400596500 /* GTor */,
				17E7E7A4246C921400596500 /* Products */,
				5FB5CA0606B3DE8AEBDAB910 /* Pods */,
				2FAB09895D588514586CA502 /* Frameworks */,
			);
			sourceTree = "<group>";
		};
		17E7E7A4246C921400596500 /* Products */ = {
			isa = PBXGroup;
			children = (
				17E7E7A3246C921400596500 /* GTor.app */,
			);
			name = Products;
			sourceTree = "<group>";
		};
		17E7E7A5246C921400596500 /* GTor */ = {
			isa = PBXGroup;
			children = (
				1758A35524CD6E7D0065CFA8 /* Calendar Views */,
				178601CA24CC44BD00FFEE0E /* Old Views */,
				17CC64F824A6B85900B81438 /* Unused Views and files */,
				17E7E7A6246C921400596500 /* AppDelegate.swift */,
				17E7E7A8246C921400596500 /* SceneDelegate.swift */,
				171E6C3B246FA90B003EFF36 /* TabBar.swift */,
				17E7E7C2246CA64A00596500 /* Views */,
				17E7E7C1246CA64300596500 /* Models */,
				17E7E7DE246CE39900596500 /* Services */,
				17E7E7BD246C9F9600596500 /* Firebase */,
				176FE77F2474E07300B7FE82 /* Animations */,
				176FE7802474E0CD00B7FE82 /* Other */,
				17E7E7AE246C921800596500 /* Preview Content */,
				1785804424A7DA05009343DB /* GoogleService-Info.plist */,
				17E7E7B4246C921800596500 /* Info.plist */,
			);
			path = GTor;
			sourceTree = "<group>";
		};
		17E7E7AE246C921800596500 /* Preview Content */ = {
			isa = PBXGroup;
			children = (
				17E7E7AF246C921800596500 /* Preview Assets.xcassets */,
			);
			path = "Preview Content";
			sourceTree = "<group>";
		};
		17E7E7BD246C9F9600596500 /* Firebase */ = {
			isa = PBXGroup;
			children = (
				17E7E7C0246C9FC600596500 /* Storage */,
				17E7E7BF246C9FBB00596500 /* Authentication */,
				17E7E7BE246C9FB000596500 /* Database */,
			);
			path = Firebase;
			sourceTree = "<group>";
		};
		17E7E7BE246C9FB000596500 /* Database */ = {
			isa = PBXGroup;
			children = (
				17E7E7E7246CE47900596500 /* FirestoreService.swift */,
				1729898A246CFCF300449C4F /* FirestoreErrorHandler.swift */,
			);
			path = Database;
			sourceTree = "<group>";
		};
		17E7E7BF246C9FBB00596500 /* Authentication */ = {
			isa = PBXGroup;
			children = (
				1729898C246D0F2F00449C4F /* AuthService.swift */,
				1729898E246D13C200449C4F /* AuthError.swift */,
			);
			path = Authentication;
			sourceTree = "<group>";
		};
		17E7E7C0246C9FC600596500 /* Storage */ = {
			isa = PBXGroup;
			children = (
			);
			path = Storage;
			sourceTree = "<group>";
		};
		17E7E7C1246CA64300596500 /* Models */ = {
			isa = PBXGroup;
			children = (
				17E7E7C3246CA6EB00596500 /* User.swift */,
				17E7E7C5246CA6F400596500 /* Goal.swift */,
				17E7E7C7246CA6FE00596500 /* Task.swift */,
				17E7E7C9246CA70E00596500 /* Category.swift */,
			);
			path = Models;
			sourceTree = "<group>";
		};
		17E7E7C2246CA64A00596500 /* Views */ = {
			isa = PBXGroup;
			children = (
				17E7E7CF246CAB0600596500 /* LaunchView.swift */,
				17E7E7D6246CAB5A00596500 /* HomeView.swift */,
				171400AB2470EAE10001A625 /* Helper Views */,
				17E7E7DB246CABE600596500 /* Profile Views */,
				17E7E7DA246CABD800596500 /* Settings Views */,
				17E7E7D9246CAB8900596500 /* Task Views */,
				17E7E7D8246CAB7900596500 /* Goals Views */,
				17E7E7D1246CAB0F00596500 /* Authentication Views */,
			);
			path = Views;
			sourceTree = "<group>";
		};
		17E7E7D1246CAB0F00596500 /* Authentication Views */ = {
			isa = PBXGroup;
			children = (
				17E7E7AA246C921400596500 /* LoginView.swift */,
				17E7E7CB246CAAE800596500 /* SignUpView.swift */,
			);
			path = "Authentication Views";
			sourceTree = "<group>";
		};
		17E7E7D8246CAB7900596500 /* Goals Views */ = {
			isa = PBXGroup;
			children = (
				17F9F53924CCE70C004EC43B /* NewAddGoalView.swift */,
				178601CD24CC9CBC00FFEE0E /* NewGoalView.swift */,
				177F4FFA24CCDD69005CDD75 /* TextEditorView.swift */,
				1709175F247233120011BB8C /* SubGoalsList.swift */,
				17E7E7D4246CAB5100596500 /* GoalsList.swift */,
				177A215624B107F90031A665 /* CategoryEditorView.swift */,
			);
			path = "Goals Views";
			sourceTree = "<group>";
		};
		17E7E7D9246CAB8900596500 /* Task Views */ = {
			isa = PBXGroup;
			children = (
				179E77002476604000BB77F8 /* TODOList.swift */,
				17C60F532492633700A3DEFF /* TaskView.swift */,
				174DAC802493D92F008CE35D /* AddTaskView.swift */,
				174DAC822493DD5C008CE35D /* LinkedGoalsView.swift */,
			);
			path = "Task Views";
			sourceTree = "<group>";
		};
		17E7E7DA246CABD800596500 /* Settings Views */ = {
			isa = PBXGroup;
			children = (
				17E7E7DC246CABFE00596500 /* SettingsView.swift */,
			);
			path = "Settings Views";
			sourceTree = "<group>";
		};
		17E7E7DB246CABE600596500 /* Profile Views */ = {
			isa = PBXGroup;
			children = (
			);
			path = "Profile Views";
			sourceTree = "<group>";
		};
		17E7E7DE246CE39900596500 /* Services */ = {
			isa = PBXGroup;
			children = (
				17265AAD249EEE2A00E384ED /* CalcService.swift */,
				17E7E7DF246CE3B300596500 /* UserService.swift */,
				17E7E7E1246CE3C700596500 /* GoalService.swift */,
				17E7E7E3246CE3D600596500 /* TaskService.swift */,
				17E7E7E5246CE3E400596500 /* CategoryService.swift */,
			);
			path = Services;
			sourceTree = "<group>";
		};
		2FAB09895D588514586CA502 /* Frameworks */ = {
			isa = PBXGroup;
			children = (
				D1FCFD1B7B551547737EE0AB /* Pods_GTor.framework */,
			);
			name = Frameworks;
			sourceTree = "<group>";
		};
		5FB5CA0606B3DE8AEBDAB910 /* Pods */ = {
			isa = PBXGroup;
			children = (
				116A19C2249FA9F0A4483872 /* Pods-GTor.debug.xcconfig */,
				0683D7F05833D06D81C6DD1B /* Pods-GTor.release.xcconfig */,
			);
			path = Pods;
			sourceTree = "<group>";
		};
/* End PBXGroup section */

/* Begin PBXNativeTarget section */
		17E7E7A2246C921400596500 /* GTor */ = {
			isa = PBXNativeTarget;
			buildConfigurationList = 17E7E7B7246C921800596500 /* Build configuration list for PBXNativeTarget "GTor" */;
			buildPhases = (
				45C4C8B1AC2737905B2B8C91 /* [CP] Check Pods Manifest.lock */,
				17E7E79F246C921400596500 /* Sources */,
				17E7E7A0246C921400596500 /* Frameworks */,
				17E7E7A1246C921400596500 /* Resources */,
				0BF313B75417D48EBF4B5702 /* [CP] Embed Pods Frameworks */,
			);
			buildRules = (
			);
			dependencies = (
			);
			name = GTor;
			packageProductDependencies = (
				176FE77D2474E02400B7FE82 /* Lottie */,
				1758A35124CCF8820065CFA8 /* ElegantCalendar */,
			);
			productName = GTor;
			productReference = 17E7E7A3246C921400596500 /* GTor.app */;
			productType = "com.apple.product-type.application";
		};
/* End PBXNativeTarget section */

/* Begin PBXProject section */
		17E7E79B246C921300596500 /* Project object */ = {
			isa = PBXProject;
			attributes = {
				LastSwiftUpdateCheck = 1140;
				LastUpgradeCheck = 1140;
				ORGANIZATIONNAME = "Safwan Saigh";
				TargetAttributes = {
					17E7E7A2246C921400596500 = {
						CreatedOnToolsVersion = 11.4;
					};
				};
			};
			buildConfigurationList = 17E7E79E246C921300596500 /* Build configuration list for PBXProject "GTor" */;
			compatibilityVersion = "Xcode 9.3";
			developmentRegion = en;
			hasScannedForEncodings = 0;
			knownRegions = (
				en,
				Base,
			);
			mainGroup = 17E7E79A246C921300596500;
			packageReferences = (
				176FE77C2474E02400B7FE82 /* XCRemoteSwiftPackageReference "lottie-ios" */,
				1758A35024CCF8820065CFA8 /* XCRemoteSwiftPackageReference "ElegantCalendar" */,
			);
			productRefGroup = 17E7E7A4246C921400596500 /* Products */;
			projectDirPath = "";
			projectRoot = "";
			targets = (
				17E7E7A2246C921400596500 /* GTor */,
			);
		};
/* End PBXProject section */

/* Begin PBXResourcesBuildPhase section */
		17E7E7A1246C921400596500 /* Resources */ = {
			isa = PBXResourcesBuildPhase;
			buildActionMask = 2147483647;
			files = (
				17E7E7B3246C921800596500 /* LaunchScreen.storyboard in Resources */,
				17E7E7B0246C921800596500 /* Preview Assets.xcassets in Resources */,
				1785804624A7DC24009343DB /* GoogleService-Info.plist in Resources */,
				1758A3AD24CD759F0065CFA8 /* ElegantCalendar.xcassets in Resources */,
				17E7E7AD246C921800596500 /* Assets.xcassets in Resources */,
				176FE78C2474EBAA00B7FE82 /* loading.json in Resources */,
			);
			runOnlyForDeploymentPostprocessing = 0;
		};
/* End PBXResourcesBuildPhase section */

/* Begin PBXShellScriptBuildPhase section */
		0BF313B75417D48EBF4B5702 /* [CP] Embed Pods Frameworks */ = {
			isa = PBXShellScriptBuildPhase;
			buildActionMask = 2147483647;
			files = (
			);
			inputFileListPaths = (
				"${PODS_ROOT}/Target Support Files/Pods-GTor/Pods-GTor-frameworks-${CONFIGURATION}-input-files.xcfilelist",
			);
			name = "[CP] Embed Pods Frameworks";
			outputFileListPaths = (
				"${PODS_ROOT}/Target Support Files/Pods-GTor/Pods-GTor-frameworks-${CONFIGURATION}-output-files.xcfilelist",
			);
			runOnlyForDeploymentPostprocessing = 0;
			shellPath = /bin/sh;
			shellScript = "\"${PODS_ROOT}/Target Support Files/Pods-GTor/Pods-GTor-frameworks.sh\"\n";
			showEnvVarsInLog = 0;
		};
		45C4C8B1AC2737905B2B8C91 /* [CP] Check Pods Manifest.lock */ = {
			isa = PBXShellScriptBuildPhase;
			buildActionMask = 2147483647;
			files = (
			);
			inputFileListPaths = (
			);
			inputPaths = (
				"${PODS_PODFILE_DIR_PATH}/Podfile.lock",
				"${PODS_ROOT}/Manifest.lock",
			);
			name = "[CP] Check Pods Manifest.lock";
			outputFileListPaths = (
			);
			outputPaths = (
				"$(DERIVED_FILE_DIR)/Pods-GTor-checkManifestLockResult.txt",
			);
			runOnlyForDeploymentPostprocessing = 0;
			shellPath = /bin/sh;
			shellScript = "diff \"${PODS_PODFILE_DIR_PATH}/Podfile.lock\" \"${PODS_ROOT}/Manifest.lock\" > /dev/null\nif [ $? != 0 ] ; then\n    # print error to STDERR\n    echo \"error: The sandbox is not in sync with the Podfile.lock. Run 'pod install' or update your CocoaPods installation.\" >&2\n    exit 1\nfi\n# This output is used by Xcode 'outputs' to avoid re-running this script phase.\necho \"SUCCESS\" > \"${SCRIPT_OUTPUT_FILE_0}\"\n";
			showEnvVarsInLog = 0;
		};
/* End PBXShellScriptBuildPhase section */

/* Begin PBXSourcesBuildPhase section */
		17E7E79F246C921400596500 /* Sources */ = {
			isa = PBXSourcesBuildPhase;
			buildActionMask = 2147483647;
			files = (
				17F9F53A24CCE70C004EC43B /* NewAddGoalView.swift in Sources */,
				1758A3A924CD744C0065CFA8 /* Date+FullDate.swift in Sources */,
				1729898B246CFCF300449C4F /* FirestoreErrorHandler.swift in Sources */,
				17E7E7E8246CE47900596500 /* FirestoreService.swift in Sources */,
				178601CE24CC9CBC00FFEE0E /* NewGoalView.swift in Sources */,
				17C60F542492633700A3DEFF /* TaskView.swift in Sources */,
				17E7E7E2246CE3C700596500 /* GoalService.swift in Sources */,
				171E6C3C246FA90B003EFF36 /* TabBar.swift in Sources */,
				17091760247233120011BB8C /* SubGoalsList.swift in Sources */,
				17A26C04249C1145004776EA /* GoalView.swift in Sources */,
				1762732E24748D39000E9661 /* GoalHeaderView.swift in Sources */,
				17E7E7C4246CA6EB00596500 /* User.swift in Sources */,
				17E7E7E6246CE3E400596500 /* CategoryService.swift in Sources */,
				171400AD2470EB0D0001A625 /* TextFieldWithPickerAsInputView.swift in Sources */,
				1729898D246D0F2F00449C4F /* AuthService.swift in Sources */,
				174DAC832493DD5C008CE35D /* LinkedGoalsView.swift in Sources */,
				17A26C06249C1DE9004776EA /* GoalCardView2.swift in Sources */,
				17E7E7D7246CAB5A00596500 /* HomeView.swift in Sources */,
				177F4FFB24CCDD69005CDD75 /* TextEditorView.swift in Sources */,
				1758A3A024CD73C30065CFA8 /* Date+DaysFromToday.swift in Sources */,
				17E7E7A7246C921400596500 /* AppDelegate.swift in Sources */,
				17E7E7D5246CAB5100596500 /* GoalsList.swift in Sources */,
				17A26C0A249C4C25004776EA /* QuickSatisfactionView.swift in Sources */,
				176FE7862474E21100B7FE82 /* LoadingView.swift in Sources */,
				17E7E7A9246C921400596500 /* SceneDelegate.swift in Sources */,
				17E7E7DD246CABFE00596500 /* SettingsView.swift in Sources */,
				17E7E7D0246CAB0600596500 /* LaunchView.swift in Sources */,
				17265AAE249EEE2A00E384ED /* CalcService.swift in Sources */,
				17E7E7C6246CA6F400596500 /* Goal.swift in Sources */,
				17A26C08249C3A16004776EA /* TaskCardView.swift in Sources */,
				174DAC812493D92F008CE35D /* AddTaskView.swift in Sources */,
				1762732C24748759000E9661 /* SubGoalView.swift in Sources */,
				179E77012476604000BB77F8 /* TODOList.swift in Sources */,
				17E7E7CC246CAAE800596500 /* SignUpView.swift in Sources */,
				17A61A6124707F12008B8C31 /* AddGoalView.swift in Sources */,
				1729898F246D13C200449C4F /* AuthError.swift in Sources */,
				17E7E7E4246CE3D600596500 /* TaskService.swift in Sources */,
				177A215724B107F90031A665 /* CategoryEditorView.swift in Sources */,
				1758A35724CD6EA00065CFA8 /* GTorCalendarView.swift in Sources */,
				17E7E7E0246CE3B300596500 /* UserService.swift in Sources */,
				17091768247244800011BB8C /* AddSubGoalView.swift in Sources */,
				17E7E7C8246CA6FE00596500 /* Task.swift in Sources */,
				17E7E7AB246C921400596500 /* LoginView.swift in Sources */,
				17091764247235180011BB8C /* SelectCategoryView.swift in Sources */,
				176FE7842474E1A800B7FE82 /* LottieView.swift in Sources */,
				17E7E7CA246CA70E00596500 /* Category.swift in Sources */,
				17D44200247337C700DF91EC /* ModifiersViews.swift in Sources */,
			);
			runOnlyForDeploymentPostprocessing = 0;
		};
/* End PBXSourcesBuildPhase section */

/* Begin PBXVariantGroup section */
		17E7E7B1246C921800596500 /* LaunchScreen.storyboard */ = {
			isa = PBXVariantGroup;
			children = (
				17E7E7B2246C921800596500 /* Base */,
			);
			name = LaunchScreen.storyboard;
			sourceTree = "<group>";
		};
/* End PBXVariantGroup section */

/* Begin XCBuildConfiguration section */
		17E7E7B5246C921800596500 /* Debug */ = {
			isa = XCBuildConfiguration;
			buildSettings = {
				ALWAYS_SEARCH_USER_PATHS = NO;
				CLANG_ANALYZER_NONNULL = YES;
				CLANG_ANALYZER_NUMBER_OBJECT_CONVERSION = YES_AGGRESSIVE;
				CLANG_CXX_LANGUAGE_STANDARD = "gnu++14";
				CLANG_CXX_LIBRARY = "libc++";
				CLANG_ENABLE_MODULES = YES;
				CLANG_ENABLE_OBJC_ARC = YES;
				CLANG_ENABLE_OBJC_WEAK = YES;
				CLANG_WARN_BLOCK_CAPTURE_AUTORELEASING = YES;
				CLANG_WARN_BOOL_CONVERSION = YES;
				CLANG_WARN_COMMA = YES;
				CLANG_WARN_CONSTANT_CONVERSION = YES;
				CLANG_WARN_DEPRECATED_OBJC_IMPLEMENTATIONS = YES;
				CLANG_WARN_DIRECT_OBJC_ISA_USAGE = YES_ERROR;
				CLANG_WARN_DOCUMENTATION_COMMENTS = YES;
				CLANG_WARN_EMPTY_BODY = YES;
				CLANG_WARN_ENUM_CONVERSION = YES;
				CLANG_WARN_INFINITE_RECURSION = YES;
				CLANG_WARN_INT_CONVERSION = YES;
				CLANG_WARN_NON_LITERAL_NULL_CONVERSION = YES;
				CLANG_WARN_OBJC_IMPLICIT_RETAIN_SELF = YES;
				CLANG_WARN_OBJC_LITERAL_CONVERSION = YES;
				CLANG_WARN_OBJC_ROOT_CLASS = YES_ERROR;
				CLANG_WARN_RANGE_LOOP_ANALYSIS = YES;
				CLANG_WARN_STRICT_PROTOTYPES = YES;
				CLANG_WARN_SUSPICIOUS_MOVE = YES;
				CLANG_WARN_UNGUARDED_AVAILABILITY = YES_AGGRESSIVE;
				CLANG_WARN_UNREACHABLE_CODE = YES;
				CLANG_WARN__DUPLICATE_METHOD_MATCH = YES;
				COPY_PHASE_STRIP = NO;
				DEBUG_INFORMATION_FORMAT = dwarf;
				ENABLE_STRICT_OBJC_MSGSEND = YES;
				ENABLE_TESTABILITY = YES;
				GCC_C_LANGUAGE_STANDARD = gnu11;
				GCC_DYNAMIC_NO_PIC = NO;
				GCC_NO_COMMON_BLOCKS = YES;
				GCC_OPTIMIZATION_LEVEL = 0;
				GCC_PREPROCESSOR_DEFINITIONS = (
					"DEBUG=1",
					"$(inherited)",
				);
				GCC_WARN_64_TO_32_BIT_CONVERSION = YES;
				GCC_WARN_ABOUT_RETURN_TYPE = YES_ERROR;
				GCC_WARN_UNDECLARED_SELECTOR = YES;
				GCC_WARN_UNINITIALIZED_AUTOS = YES_AGGRESSIVE;
				GCC_WARN_UNUSED_FUNCTION = YES;
				GCC_WARN_UNUSED_VARIABLE = YES;
				IPHONEOS_DEPLOYMENT_TARGET = 13.4;
				MTL_ENABLE_DEBUG_INFO = INCLUDE_SOURCE;
				MTL_FAST_MATH = YES;
				ONLY_ACTIVE_ARCH = YES;
				SDKROOT = iphoneos;
				SWIFT_ACTIVE_COMPILATION_CONDITIONS = DEBUG;
				SWIFT_OPTIMIZATION_LEVEL = "-Onone";
			};
			name = Debug;
		};
		17E7E7B6246C921800596500 /* Release */ = {
			isa = XCBuildConfiguration;
			buildSettings = {
				ALWAYS_SEARCH_USER_PATHS = NO;
				CLANG_ANALYZER_NONNULL = YES;
				CLANG_ANALYZER_NUMBER_OBJECT_CONVERSION = YES_AGGRESSIVE;
				CLANG_CXX_LANGUAGE_STANDARD = "gnu++14";
				CLANG_CXX_LIBRARY = "libc++";
				CLANG_ENABLE_MODULES = YES;
				CLANG_ENABLE_OBJC_ARC = YES;
				CLANG_ENABLE_OBJC_WEAK = YES;
				CLANG_WARN_BLOCK_CAPTURE_AUTORELEASING = YES;
				CLANG_WARN_BOOL_CONVERSION = YES;
				CLANG_WARN_COMMA = YES;
				CLANG_WARN_CONSTANT_CONVERSION = YES;
				CLANG_WARN_DEPRECATED_OBJC_IMPLEMENTATIONS = YES;
				CLANG_WARN_DIRECT_OBJC_ISA_USAGE = YES_ERROR;
				CLANG_WARN_DOCUMENTATION_COMMENTS = YES;
				CLANG_WARN_EMPTY_BODY = YES;
				CLANG_WARN_ENUM_CONVERSION = YES;
				CLANG_WARN_INFINITE_RECURSION = YES;
				CLANG_WARN_INT_CONVERSION = YES;
				CLANG_WARN_NON_LITERAL_NULL_CONVERSION = YES;
				CLANG_WARN_OBJC_IMPLICIT_RETAIN_SELF = YES;
				CLANG_WARN_OBJC_LITERAL_CONVERSION = YES;
				CLANG_WARN_OBJC_ROOT_CLASS = YES_ERROR;
				CLANG_WARN_RANGE_LOOP_ANALYSIS = YES;
				CLANG_WARN_STRICT_PROTOTYPES = YES;
				CLANG_WARN_SUSPICIOUS_MOVE = YES;
				CLANG_WARN_UNGUARDED_AVAILABILITY = YES_AGGRESSIVE;
				CLANG_WARN_UNREACHABLE_CODE = YES;
				CLANG_WARN__DUPLICATE_METHOD_MATCH = YES;
				COPY_PHASE_STRIP = NO;
				DEBUG_INFORMATION_FORMAT = "dwarf-with-dsym";
				ENABLE_NS_ASSERTIONS = NO;
				ENABLE_STRICT_OBJC_MSGSEND = YES;
				GCC_C_LANGUAGE_STANDARD = gnu11;
				GCC_NO_COMMON_BLOCKS = YES;
				GCC_WARN_64_TO_32_BIT_CONVERSION = YES;
				GCC_WARN_ABOUT_RETURN_TYPE = YES_ERROR;
				GCC_WARN_UNDECLARED_SELECTOR = YES;
				GCC_WARN_UNINITIALIZED_AUTOS = YES_AGGRESSIVE;
				GCC_WARN_UNUSED_FUNCTION = YES;
				GCC_WARN_UNUSED_VARIABLE = YES;
				IPHONEOS_DEPLOYMENT_TARGET = 13.4;
				MTL_ENABLE_DEBUG_INFO = NO;
				MTL_FAST_MATH = YES;
				SDKROOT = iphoneos;
				SWIFT_COMPILATION_MODE = wholemodule;
				SWIFT_OPTIMIZATION_LEVEL = "-O";
				VALIDATE_PRODUCT = YES;
			};
			name = Release;
		};
		17E7E7B8246C921800596500 /* Debug */ = {
			isa = XCBuildConfiguration;
			baseConfigurationReference = 116A19C2249FA9F0A4483872 /* Pods-GTor.debug.xcconfig */;
			buildSettings = {
				ASSETCATALOG_COMPILER_APPICON_NAME = AppIcon;
				CODE_SIGN_STYLE = Automatic;
				CURRENT_PROJECT_VERSION = 2;
				DEVELOPMENT_ASSET_PATHS = "\"GTor/Preview Content\"";
				DEVELOPMENT_TEAM = PVD368MQKH;
				ENABLE_PREVIEWS = YES;
				INFOPLIST_FILE = GTor/Info.plist;
				LD_RUNPATH_SEARCH_PATHS = (
					"$(inherited)",
					"@executable_path/Frameworks",
				);
				PRODUCT_BUNDLE_IDENTIFIER = com.my.app.safwan.GTor;
				PRODUCT_NAME = "$(TARGET_NAME)";
				SWIFT_VERSION = 5.0;
				TARGETED_DEVICE_FAMILY = 1;
			};
			name = Debug;
		};
		17E7E7B9246C921800596500 /* Release */ = {
			isa = XCBuildConfiguration;
			baseConfigurationReference = 0683D7F05833D06D81C6DD1B /* Pods-GTor.release.xcconfig */;
			buildSettings = {
				ASSETCATALOG_COMPILER_APPICON_NAME = AppIcon;
				CODE_SIGN_STYLE = Automatic;
				CURRENT_PROJECT_VERSION = 2;
				DEVELOPMENT_ASSET_PATHS = "\"GTor/Preview Content\"";
				DEVELOPMENT_TEAM = PVD368MQKH;
				ENABLE_PREVIEWS = YES;
				INFOPLIST_FILE = GTor/Info.plist;
				LD_RUNPATH_SEARCH_PATHS = (
					"$(inherited)",
					"@executable_path/Frameworks",
				);
				PRODUCT_BUNDLE_IDENTIFIER = com.my.app.safwan.GTor;
				PRODUCT_NAME = "$(TARGET_NAME)";
				SWIFT_VERSION = 5.0;
				TARGETED_DEVICE_FAMILY = 1;
			};
			name = Release;
		};
/* End XCBuildConfiguration section */

/* Begin XCConfigurationList section */
		17E7E79E246C921300596500 /* Build configuration list for PBXProject "GTor" */ = {
			isa = XCConfigurationList;
			buildConfigurations = (
				17E7E7B5246C921800596500 /* Debug */,
				17E7E7B6246C921800596500 /* Release */,
			);
			defaultConfigurationIsVisible = 0;
			defaultConfigurationName = Release;
		};
		17E7E7B7246C921800596500 /* Build configuration list for PBXNativeTarget "GTor" */ = {
			isa = XCConfigurationList;
			buildConfigurations = (
				17E7E7B8246C921800596500 /* Debug */,
				17E7E7B9246C921800596500 /* Release */,
			);
			defaultConfigurationIsVisible = 0;
			defaultConfigurationName = Release;
		};
/* End XCConfigurationList section */

/* Begin XCRemoteSwiftPackageReference section */
		1758A35024CCF8820065CFA8 /* XCRemoteSwiftPackageReference "ElegantCalendar" */ = {
			isa = XCRemoteSwiftPackageReference;
			repositoryURL = "https://github.com/ThasianX/ElegantCalendar.git";
			requirement = {
				kind = upToNextMajorVersion;
				minimumVersion = 4.1.0;
			};
		};
		176FE77C2474E02400B7FE82 /* XCRemoteSwiftPackageReference "lottie-ios" */ = {
			isa = XCRemoteSwiftPackageReference;
			repositoryURL = "https://github.com/airbnb/lottie-ios.git";
			requirement = {
				kind = upToNextMajorVersion;
				minimumVersion = 3.1.8;
			};
		};
/* End XCRemoteSwiftPackageReference section */

/* Begin XCSwiftPackageProductDependency section */
		1758A35124CCF8820065CFA8 /* ElegantCalendar */ = {
			isa = XCSwiftPackageProductDependency;
			package = 1758A35024CCF8820065CFA8 /* XCRemoteSwiftPackageReference "ElegantCalendar" */;
			productName = ElegantCalendar;
		};
		176FE77D2474E02400B7FE82 /* Lottie */ = {
			isa = XCSwiftPackageProductDependency;
			package = 176FE77C2474E02400B7FE82 /* XCRemoteSwiftPackageReference "lottie-ios" */;
			productName = Lottie;
		};
/* End XCSwiftPackageProductDependency section */
	};
	rootObject = 17E7E79B246C921300596500 /* Project object */;
}
